// !$*UTF8*$!
{
	archiveVersion = 1;
	classes = {
	};
	objectVersion = 46;
	objects = {

/* Begin PBXGroup section */
		47A184D8150FDFEB00AF0521 = {
			isa = PBXGroup;
			children = (
			);
			sourceTree = "<group>";
		};
/* End PBXGroup section */

/* Begin PBXProject section */
		47A184DA150FDFEB00AF0521 /* Project object */ = {
			isa = PBXProject;
			attributes = {
				LastUpgradeCheck = 0420;
				ORGANIZATIONNAME = "-";
			};
			buildConfigurationList = 47A184DD150FDFEB00AF0521 /* Build configuration list for PBXProject "fann" */;
			compatibilityVersion = "Xcode 3.2";
			developmentRegion = English;
			hasScannedForEncodings = 0;
			knownRegions = (
				en,
			);
			mainGroup = 47A184D8150FDFEB00AF0521;
			projectDirPath = "";
			projectRoot = "";
			targets = (
			);
		};
/* End PBXProject section */

/* Begin XCBuildConfiguration section */
		47A184DF150FDFEB00AF0521 /* Debug */ = {
			isa = XCBuildConfiguration;
			buildSettings = {
			};
			name = Debug;
		};
		47A184E0150FDFEB00AF0521 /* Release */ = {
			isa = XCBuildConfiguration;
			buildSettings = {
			};
			name = Release;
		};
/* End XCBuildConfiguration section */

/* Begin XCConfigurationList section */
		47A184DD150FDFEB00AF0521 /* Build configuration list for PBXProject "fann" */ = {
			isa = XCConfigurationList;
			buildConfigurations = (
				47A184DF150FDFEB00AF0521 /* Debug */,
				47A184E0150FDFEB00AF0521 /* Release */,
			);
			defaultConfigurationIsVisible = 0;
			defaultConfigurationName = Release;
		};
/* End XCConfigurationList section */
	};
	rootObject = 47A184DA150FDFEB00AF0521 /* Project object */;
}
